
Microsoft Visual Studio Solution File, Format Version 12.00
# Visual Studio Version 17
VisualStudioVersion = 17.0.31903.59
MinimumVisualStudioVersion = 10.0.40219.1
Project("{FAE04EC0-301F-11D3-BF4B-00C04F79EFBC}") = "Tareasemana5", "Tareasemana5\Tareasemana5.csproj", "{52DC9D9F-56E3-4A20-8AAB-FD6B68649043}"
EndProject
Project("{FAE04EC0-301F-11D3-BF4B-00C04F79EFBC}") = "Semana5_2", "Semana5_2\Semana5_2.csproj", "{138A02F4-B102-4B7B-A173-5BC62E56C7DF}"
EndProject
Project("{FAE04EC0-301F-11D3-BF4B-00C04F79EFBC}") = "Semana6_2", "Semana6_2\Semana6_2.csproj", "{64B36E03-EA7B-4490-9A32-F6379CB79502}"
EndProject
Project("{FAE04EC0-301F-11D3-BF4B-00C04F79EFBC}") = "SEMANA7", "SEMANA7\SEMANA7.csproj", "{93D02C42-9363-4189-B2C5-3F805AFDB863}"
EndProject
Project("{FAE04EC0-301F-11D3-BF4B-00C04F79EFBC}") = "SEMANA7_2", "SEMANA7_2\SEMANA7_2.csproj", "{CE7AC0D8-1036-4BA6-85F4-EB6D585EFEBA}"
EndProject
Project("{FAE04EC0-301F-11D3-BF4B-00C04F79EFBC}") = "Semana8", "Semana8\Semana8.csproj", "{457A9643-39E8-45A7-B377-766CA2C494A6}"
EndProject
Project("{FAE04EC0-301F-11D3-BF4B-00C04F79EFBC}") = "Semana 10", "Semana 10\Semana 10.csproj", "{E05A6DE7-3FB9-4A1A-BFD2-388CF003246E}"
EndProject
Project("{FAE04EC0-301F-11D3-BF4B-00C04F79EFBC}") = "Semana 11", "Semana 11\Semana 11.csproj", "{1952E028-46CC-4B0B-8684-F5F4FB4D9124}"
EndProject
Project("{FAE04EC0-301F-11D3-BF4B-00C04F79EFBC}") = "Semana 12", "Semana 12\Semana 12.csproj", "{BC2F3557-431E-4496-B227-49C95D6C1C47}"
EndProject
Global
	GlobalSection(SolutionConfigurationPlatforms) = preSolution
		Debug|Any CPU = Debug|Any CPU
		Debug|x64 = Debug|x64
		Debug|x86 = Debug|x86
		Release|Any CPU = Release|Any CPU
		Release|x64 = Release|x64
		Release|x86 = Release|x86
	EndGlobalSection
	GlobalSection(ProjectConfigurationPlatforms) = postSolution
		{52DC9D9F-56E3-4A20-8AAB-FD6B68649043}.Debug|Any CPU.ActiveCfg = Debug|Any CPU
		{52DC9D9F-56E3-4A20-8AAB-FD6B68649043}.Debug|Any CPU.Build.0 = Debug|Any CPU
		{52DC9D9F-56E3-4A20-8AAB-FD6B68649043}.Debug|x64.ActiveCfg = Debug|Any CPU
		{52DC9D9F-56E3-4A20-8AAB-FD6B68649043}.Debug|x64.Build.0 = Debug|Any CPU
		{52DC9D9F-56E3-4A20-8AAB-FD6B68649043}.Debug|x86.ActiveCfg = Debug|Any CPU
		{52DC9D9F-56E3-4A20-8AAB-FD6B68649043}.Debug|x86.Build.0 = Debug|Any CPU
		{52DC9D9F-56E3-4A20-8AAB-FD6B68649043}.Release|Any CPU.ActiveCfg = Release|Any CPU
		{52DC9D9F-56E3-4A20-8AAB-FD6B68649043}.Release|Any CPU.Build.0 = Release|Any CPU
		{52DC9D9F-56E3-4A20-8AAB-FD6B68649043}.Release|x64.ActiveCfg = Release|Any CPU
		{52DC9D9F-56E3-4A20-8AAB-FD6B68649043}.Release|x64.Build.0 = Release|Any CPU
		{52DC9D9F-56E3-4A20-8AAB-FD6B68649043}.Release|x86.ActiveCfg = Release|Any CPU
		{52DC9D9F-56E3-4A20-8AAB-FD6B68649043}.Release|x86.Build.0 = Release|Any CPU
		{138A02F4-B102-4B7B-A173-5BC62E56C7DF}.Debug|Any CPU.ActiveCfg = Debug|Any CPU
		{138A02F4-B102-4B7B-A173-5BC62E56C7DF}.Debug|Any CPU.Build.0 = Debug|Any CPU
		{138A02F4-B102-4B7B-A173-5BC62E56C7DF}.Debug|x64.ActiveCfg = Debug|Any CPU
		{138A02F4-B102-4B7B-A173-5BC62E56C7DF}.Debug|x64.Build.0 = Debug|Any CPU
		{138A02F4-B102-4B7B-A173-5BC62E56C7DF}.Debug|x86.ActiveCfg = Debug|Any CPU
		{138A02F4-B102-4B7B-A173-5BC62E56C7DF}.Debug|x86.Build.0 = Debug|Any CPU
		{138A02F4-B102-4B7B-A173-5BC62E56C7DF}.Release|Any CPU.ActiveCfg = Release|Any CPU
		{138A02F4-B102-4B7B-A173-5BC62E56C7DF}.Release|Any CPU.Build.0 = Release|Any CPU
		{138A02F4-B102-4B7B-A173-5BC62E56C7DF}.Release|x64.ActiveCfg = Release|Any CPU
		{138A02F4-B102-4B7B-A173-5BC62E56C7DF}.Release|x64.Build.0 = Release|Any CPU
		{138A02F4-B102-4B7B-A173-5BC62E56C7DF}.Release|x86.ActiveCfg = Release|Any CPU
		{138A02F4-B102-4B7B-A173-5BC62E56C7DF}.Release|x86.Build.0 = Release|Any CPU
		{64B36E03-EA7B-4490-9A32-F6379CB79502}.Debug|Any CPU.ActiveCfg = Debug|Any CPU
		{64B36E03-EA7B-4490-9A32-F6379CB79502}.Debug|Any CPU.Build.0 = Debug|Any CPU
		{64B36E03-EA7B-4490-9A32-F6379CB79502}.Debug|x64.ActiveCfg = Debug|Any CPU
		{64B36E03-EA7B-4490-9A32-F6379CB79502}.Debug|x64.Build.0 = Debug|Any CPU
		{64B36E03-EA7B-4490-9A32-F6379CB79502}.Debug|x86.ActiveCfg = Debug|Any CPU
		{64B36E03-EA7B-4490-9A32-F6379CB79502}.Debug|x86.Build.0 = Debug|Any CPU
		{64B36E03-EA7B-4490-9A32-F6379CB79502}.Release|Any CPU.ActiveCfg = Release|Any CPU
		{64B36E03-EA7B-4490-9A32-F6379CB79502}.Release|Any CPU.Build.0 = Release|Any CPU
		{64B36E03-EA7B-4490-9A32-F6379CB79502}.Release|x64.ActiveCfg = Release|Any CPU
		{64B36E03-EA7B-4490-9A32-F6379CB79502}.Release|x64.Build.0 = Release|Any CPU
		{64B36E03-EA7B-4490-9A32-F6379CB79502}.Release|x86.ActiveCfg = Release|Any CPU
		{64B36E03-EA7B-4490-9A32-F6379CB79502}.Release|x86.Build.0 = Release|Any CPU
		{93D02C42-9363-4189-B2C5-3F805AFDB863}.Debug|Any CPU.ActiveCfg = Debug|Any CPU
		{93D02C42-9363-4189-B2C5-3F805AFDB863}.Debug|Any CPU.Build.0 = Debug|Any CPU
		{93D02C42-9363-4189-B2C5-3F805AFDB863}.Debug|x64.ActiveCfg = Debug|Any CPU
		{93D02C42-9363-4189-B2C5-3F805AFDB863}.Debug|x64.Build.0 = Debug|Any CPU
		{93D02C42-9363-4189-B2C5-3F805AFDB863}.Debug|x86.ActiveCfg = Debug|Any CPU
		{93D02C42-9363-4189-B2C5-3F805AFDB863}.Debug|x86.Build.0 = Debug|Any CPU
		{93D02C42-9363-4189-B2C5-3F805AFDB863}.Release|Any CPU.ActiveCfg = Release|Any CPU
		{93D02C42-9363-4189-B2C5-3F805AFDB863}.Release|Any CPU.Build.0 = Release|Any CPU
		{93D02C42-9363-4189-B2C5-3F805AFDB863}.Release|x64.ActiveCfg = Release|Any CPU
		{93D02C42-9363-4189-B2C5-3F805AFDB863}.Release|x64.Build.0 = Release|Any CPU
		{93D02C42-9363-4189-B2C5-3F805AFDB863}.Release|x86.ActiveCfg = Release|Any CPU
		{93D02C42-9363-4189-B2C5-3F805AFDB863}.Release|x86.Build.0 = Release|Any CPU
		{CE7AC0D8-1036-4BA6-85F4-EB6D585EFEBA}.Debug|Any CPU.ActiveCfg = Debug|Any CPU
		{CE7AC0D8-1036-4BA6-85F4-EB6D585EFEBA}.Debug|Any CPU.Build.0 = Debug|Any CPU
		{CE7AC0D8-1036-4BA6-85F4-EB6D585EFEBA}.Debug|x64.ActiveCfg = Debug|Any CPU
		{CE7AC0D8-1036-4BA6-85F4-EB6D585EFEBA}.Debug|x64.Build.0 = Debug|Any CPU
		{CE7AC0D8-1036-4BA6-85F4-EB6D585EFEBA}.Debug|x86.ActiveCfg = Debug|Any CPU
		{CE7AC0D8-1036-4BA6-85F4-EB6D585EFEBA}.Debug|x86.Build.0 = Debug|Any CPU
		{CE7AC0D8-1036-4BA6-85F4-EB6D585EFEBA}.Release|Any CPU.ActiveCfg = Release|Any CPU
		{CE7AC0D8-1036-4BA6-85F4-EB6D585EFEBA}.Release|Any CPU.Build.0 = Release|Any CPU
		{CE7AC0D8-1036-4BA6-85F4-EB6D585EFEBA}.Release|x64.ActiveCfg = Release|Any CPU
		{CE7AC0D8-1036-4BA6-85F4-EB6D585EFEBA}.Release|x64.Build.0 = Release|Any CPU
		{CE7AC0D8-1036-4BA6-85F4-EB6D585EFEBA}.Release|x86.ActiveCfg = Release|Any CPU
		{CE7AC0D8-1036-4BA6-85F4-EB6D585EFEBA}.Release|x86.Build.0 = Release|Any CPU
		{457A9643-39E8-45A7-B377-766CA2C494A6}.Debug|Any CPU.ActiveCfg = Debug|Any CPU
		{457A9643-39E8-45A7-B377-766CA2C494A6}.Debug|Any CPU.Build.0 = Debug|Any CPU
		{457A9643-39E8-45A7-B377-766CA2C494A6}.Debug|x64.ActiveCfg = Debug|Any CPU
		{457A9643-39E8-45A7-B377-766CA2C494A6}.Debug|x64.Build.0 = Debug|Any CPU
		{457A9643-39E8-45A7-B377-766CA2C494A6}.Debug|x86.ActiveCfg = Debug|Any CPU
		{457A9643-39E8-45A7-B377-766CA2C494A6}.Debug|x86.Build.0 = Debug|Any CPU
		{457A9643-39E8-45A7-B377-766CA2C494A6}.Release|Any CPU.ActiveCfg = Release|Any CPU
		{457A9643-39E8-45A7-B377-766CA2C494A6}.Release|Any CPU.Build.0 = Release|Any CPU
		{457A9643-39E8-45A7-B377-766CA2C494A6}.Release|x64.ActiveCfg = Release|Any CPU
		{457A9643-39E8-45A7-B377-766CA2C494A6}.Release|x64.Build.0 = Release|Any CPU
		{457A9643-39E8-45A7-B377-766CA2C494A6}.Release|x86.ActiveCfg = Release|Any CPU
		{457A9643-39E8-45A7-B377-766CA2C494A6}.Release|x86.Build.0 = Release|Any CPU
		{E05A6DE7-3FB9-4A1A-BFD2-388CF003246E}.Debug|Any CPU.ActiveCfg = Debug|Any CPU
		{E05A6DE7-3FB9-4A1A-BFD2-388CF003246E}.Debug|Any CPU.Build.0 = Debug|Any CPU
		{E05A6DE7-3FB9-4A1A-BFD2-388CF003246E}.Debug|x64.ActiveCfg = Debug|Any CPU
		{E05A6DE7-3FB9-4A1A-BFD2-388CF003246E}.Debug|x64.Build.0 = Debug|Any CPU
		{E05A6DE7-3FB9-4A1A-BFD2-388CF003246E}.Debug|x86.ActiveCfg = Debug|Any CPU
		{E05A6DE7-3FB9-4A1A-BFD2-388CF003246E}.Debug|x86.Build.0 = Debug|Any CPU
		{E05A6DE7-3FB9-4A1A-BFD2-388CF003246E}.Release|Any CPU.ActiveCfg = Release|Any CPU
		{E05A6DE7-3FB9-4A1A-BFD2-388CF003246E}.Release|Any CPU.Build.0 = Release|Any CPU
		{E05A6DE7-3FB9-4A1A-BFD2-388CF003246E}.Release|x64.ActiveCfg = Release|Any CPU
		{E05A6DE7-3FB9-4A1A-BFD2-388CF003246E}.Release|x64.Build.0 = Release|Any CPU
		{E05A6DE7-3FB9-4A1A-BFD2-388CF003246E}.Release|x86.ActiveCfg = Release|Any CPU
		{E05A6DE7-3FB9-4A1A-BFD2-388CF003246E}.Release|x86.Build.0 = Release|Any CPU
		{1952E028-46CC-4B0B-8684-F5F4FB4D9124}.Debug|Any CPU.ActiveCfg = Debug|Any CPU
		{1952E028-46CC-4B0B-8684-F5F4FB4D9124}.Debug|Any CPU.Build.0 = Debug|Any CPU
		{1952E028-46CC-4B0B-8684-F5F4FB4D9124}.Debug|x64.ActiveCfg = Debug|Any CPU
		{1952E028-46CC-4B0B-8684-F5F4FB4D9124}.Debug|x64.Build.0 = Debug|Any CPU
		{1952E028-46CC-4B0B-8684-F5F4FB4D9124}.Debug|x86.ActiveCfg = Debug|Any CPU
		{1952E028-46CC-4B0B-8684-F5F4FB4D9124}.Debug|x86.Build.0 = Debug|Any CPU
		{1952E028-46CC-4B0B-8684-F5F4FB4D9124}.Release|Any CPU.ActiveCfg = Release|Any CPU
		{1952E028-46CC-4B0B-8684-F5F4FB4D9124}.Release|Any CPU.Build.0 = Release|Any CPU
		{1952E028-46CC-4B0B-8684-F5F4FB4D9124}.Release|x64.ActiveCfg = Release|Any CPU
		{1952E028-46CC-4B0B-8684-F5F4FB4D9124}.Release|x64.Build.0 = Release|Any CPU
		{1952E028-46CC-4B0B-8684-F5F4FB4D9124}.Release|x86.ActiveCfg = Release|Any CPU
		{1952E028-46CC-4B0B-8684-F5F4FB4D9124}.Release|x86.Build.0 = Release|Any CPU
		{BC2F3557-431E-4496-B227-49C95D6C1C47}.Debug|Any CPU.ActiveCfg = Debug|Any CPU
		{BC2F3557-431E-4496-B227-49C95D6C1C47}.Debug|Any CPU.Build.0 = Debug|Any CPU
		{BC2F3557-431E-4496-B227-49C95D6C1C47}.Debug|x64.ActiveCfg = Debug|Any CPU
		{BC2F3557-431E-4496-B227-49C95D6C1C47}.Debug|x64.Build.0 = Debug|Any CPU
		{BC2F3557-431E-4496-B227-49C95D6C1C47}.Debug|x86.ActiveCfg = Debug|Any CPU
		{BC2F3557-431E-4496-B227-49C95D6C1C47}.Debug|x86.Build.0 = Debug|Any CPU
		{BC2F3557-431E-4496-B227-49C95D6C1C47}.Release|Any CPU.ActiveCfg = Release|Any CPU
		{BC2F3557-431E-4496-B227-49C95D6C1C47}.Release|Any CPU.Build.0 = Release|Any CPU
		{BC2F3557-431E-4496-B227-49C95D6C1C47}.Release|x64.ActiveCfg = Release|Any CPU
		{BC2F3557-431E-4496-B227-49C95D6C1C47}.Release|x64.Build.0 = Release|Any CPU
		{BC2F3557-431E-4496-B227-49C95D6C1C47}.Release|x86.ActiveCfg = Release|Any CPU
		{BC2F3557-431E-4496-B227-49C95D6C1C47}.Release|x86.Build.0 = Release|Any CPU
	EndGlobalSection
	GlobalSection(SolutionProperties) = preSolution
		HideSolutionNode = FALSE
	EndGlobalSection
EndGlobal
